Microsoft Visual Studio Solution File, Format Version 9.00
# Visual Studio 2005
Project("{2150E333-8FDC-42A3-9474-1A3956D46DE8}") = "(base)", "..\..\..\base", "{9785FB75-982A-5DE3-252D-3F288B9FEF5B}"
EndProject
Project("{2150E333-8FDC-42A3-9474-1A3956D46DE8}") = "(coder)", "..\..\..\coder", "{414C47A8-71BB-ACE0-6CE6-DD9ED7C30D04}"
EndProject
Project("{2150E333-8FDC-42A3-9474-1A3956D46DE8}") = "(collector)", "..\..\..\collector", "{A3CD0306-7165-57DC-E874-48B8700B644C}"
EndProject
Project("{2150E333-8FDC-42A3-9474-1A3956D46DE8}") = "(net)", "..\..\..\net", "{96A8EC63-88DB-B85C-EEBC-43667C60DEB3}"
EndProject
Project("{2150E333-8FDC-42A3-9474-1A3956D46DE8}") = "(protobuf)", "..\..\..\third_party\protobuf", "{FF6C6E0D-F605-D848-8A79-B0ED90BBDB2F}"
EndProject
Project("{2150E333-8FDC-42A3-9474-1A3956D46DE8}") = "(regex)", "..\..\..\third_party\regex", "{6F65C5B7-9E33-7094-AE10-CDE861A33D0C}"
EndProject
Project("{2150E333-8FDC-42A3-9474-1A3956D46DE8}") = "(third_party)", "..\..\..\third_party", "{89C816A7-DD31-D54C-C69C-5A80E0C49B77}"
EndProject
Project("{8BC9CEB8-8B4A-11D0-8D11-00A0C91BC942}") = "base_static", "..\base\base_static.vcproj", "{19939F03-41E6-0366-AE5B-C68577809A4D}"
EndProject
Project("{8BC9CEB8-8B4A-11D0-8D11-00A0C91BC942}") = "coder_static", "..\coder\coder_static.vcproj", "{56589046-9C1E-A80B-1216-D2DF082D22F3}"
EndProject
Project("{8BC9CEB8-8B4A-11D0-8D11-00A0C91BC942}") = "collector", "collector.vcproj", "{DC90AC32-12BD-DB29-DDB5-466B90D288D1}"
	ProjectSection(ProjectDependencies) = postProject
		{5B1FD803-5229-A16F-C34D-F74FB0FE9295} = {5B1FD803-5229-A16F-C34D-F74FB0FE9295}
		{56589046-9C1E-A80B-1216-D2DF082D22F3} = {56589046-9C1E-A80B-1216-D2DF082D22F3}
		{30454404-5399-23F1-8052-A1C23577855C} = {30454404-5399-23F1-8052-A1C23577855C}
		{499ADC7B-0F92-F257-B656-3756C0259607} = {499ADC7B-0F92-F257-B656-3756C0259607}
		{0230916C-83C6-3B56-A692-3FD3BC5657FB} = {0230916C-83C6-3B56-A692-3FD3BC5657FB}
		{19939F03-41E6-0366-AE5B-C68577809A4D} = {19939F03-41E6-0366-AE5B-C68577809A4D}
		{116078AA-69D7-AA9E-5AF3-074D05E9936B} = {116078AA-69D7-AA9E-5AF3-074D05E9936B}
		{4964E400-0302-2D0C-A4CB-7AE17DF76E58} = {4964E400-0302-2D0C-A4CB-7AE17DF76E58}
		{8D10F125-0B18-4B8C-9616-9598A4767044} = {8D10F125-0B18-4B8C-9616-9598A4767044}
	EndProjectSection
EndProject
Project("{8BC9CEB8-8B4A-11D0-8D11-00A0C91BC942}") = "collector_static", "collector_static.vcproj", "{5B1FD803-5229-A16F-C34D-F74FB0FE9295}"
EndProject
Project("{8BC9CEB8-8B4A-11D0-8D11-00A0C91BC942}") = "collector_unittest", "collector_unittest.vcproj", "{AC9322AB-8286-E6FB-D007-3EA0C971DF2A}"
	ProjectSection(ProjectDependencies) = postProject
		{5B1FD803-5229-A16F-C34D-F74FB0FE9295} = {5B1FD803-5229-A16F-C34D-F74FB0FE9295}
		{499ADC7B-0F92-F257-B656-3756C0259607} = {499ADC7B-0F92-F257-B656-3756C0259607}
		{0230916C-83C6-3B56-A692-3FD3BC5657FB} = {0230916C-83C6-3B56-A692-3FD3BC5657FB}
		{19939F03-41E6-0366-AE5B-C68577809A4D} = {19939F03-41E6-0366-AE5B-C68577809A4D}
		{56589046-9C1E-A80B-1216-D2DF082D22F3} = {56589046-9C1E-A80B-1216-D2DF082D22F3}
		{116078AA-69D7-AA9E-5AF3-074D05E9936B} = {116078AA-69D7-AA9E-5AF3-074D05E9936B}
		{30454404-5399-23F1-8052-A1C23577855C} = {30454404-5399-23F1-8052-A1C23577855C}
		{4964E400-0302-2D0C-A4CB-7AE17DF76E58} = {4964E400-0302-2D0C-A4CB-7AE17DF76E58}
		{8D10F125-0B18-4B8C-9616-9598A4767044} = {8D10F125-0B18-4B8C-9616-9598A4767044}
	EndProjectSection
EndProject
Project("{8BC9CEB8-8B4A-11D0-8D11-00A0C91BC942}") = "expat", "..\third_party\expat\expat.vcproj", "{8D10F125-0B18-4B8C-9616-9598A4767044}"
EndProject
Project("{8BC9CEB8-8B4A-11D0-8D11-00A0C91BC942}") = "net_static", "..\net\net_static.vcproj", "{30454404-5399-23F1-8052-A1C23577855C}"
EndProject
Project("{8BC9CEB8-8B4A-11D0-8D11-00A0C91BC942}") = "protobuf_full_do_not_use", "..\third_party\protobuf\protobuf_full_do_not_use.vcproj", "{D20FBF00-127A-A0E0-0018-C2A27C67B564}"
EndProject
Project("{8BC9CEB8-8B4A-11D0-8D11-00A0C91BC942}") = "protobuf_lite", "..\third_party\protobuf\protobuf_lite.vcproj", "{0230916C-83C6-3B56-A692-3FD3BC5657FB}"
EndProject
Project("{8BC9CEB8-8B4A-11D0-8D11-00A0C91BC942}") = "protoc", "..\third_party\protobuf\protoc.vcproj", "{499ADC7B-0F92-F257-B656-3756C0259607}"
	ProjectSection(ProjectDependencies) = postProject
		{D20FBF00-127A-A0E0-0018-C2A27C67B564} = {D20FBF00-127A-A0E0-0018-C2A27C67B564}
		{0230916C-83C6-3B56-A692-3FD3BC5657FB} = {0230916C-83C6-3B56-A692-3FD3BC5657FB}
	EndProjectSection
EndProject
Project("{8BC9CEB8-8B4A-11D0-8D11-00A0C91BC942}") = "regex_static", "..\third_party\regex\regex_static.vcproj", "{4964E400-0302-2D0C-A4CB-7AE17DF76E58}"
EndProject
Project("{8BC9CEB8-8B4A-11D0-8D11-00A0C91BC942}") = "zlib", "..\third_party\zlib\zlib.vcproj", "{116078AA-69D7-AA9E-5AF3-074D05E9936B}"
EndProject
Global
	GlobalSection(SolutionConfigurationPlatforms) = preSolution
		Debug|x64 = Debug|x64
		Debug|Win32 = Debug|Win32
		Release|x64 = Release|x64
		Release|Win32 = Release|Win32
	EndGlobalSection
	GlobalSection(ProjectConfigurationPlatforms) = postSolution
		{0230916C-83C6-3B56-A692-3FD3BC5657FB}.Debug|x64.ActiveCfg = Debug|x64
		{0230916C-83C6-3B56-A692-3FD3BC5657FB}.Debug|x64.Build.0 = Debug|x64
		{0230916C-83C6-3B56-A692-3FD3BC5657FB}.Debug|Win32.ActiveCfg = Debug|Win32
		{0230916C-83C6-3B56-A692-3FD3BC5657FB}.Debug|Win32.Build.0 = Debug|Win32
		{0230916C-83C6-3B56-A692-3FD3BC5657FB}.Release|x64.ActiveCfg = Release|x64
		{0230916C-83C6-3B56-A692-3FD3BC5657FB}.Release|x64.Build.0 = Release|x64
		{0230916C-83C6-3B56-A692-3FD3BC5657FB}.Release|Win32.ActiveCfg = Release|Win32
		{0230916C-83C6-3B56-A692-3FD3BC5657FB}.Release|Win32.Build.0 = Release|Win32
		{116078AA-69D7-AA9E-5AF3-074D05E9936B}.Debug|x64.ActiveCfg = Debug|x64
		{116078AA-69D7-AA9E-5AF3-074D05E9936B}.Debug|x64.Build.0 = Debug|x64
		{116078AA-69D7-AA9E-5AF3-074D05E9936B}.Debug|Win32.ActiveCfg = Debug|Win32
		{116078AA-69D7-AA9E-5AF3-074D05E9936B}.Debug|Win32.Build.0 = Debug|Win32
		{116078AA-69D7-AA9E-5AF3-074D05E9936B}.Release|x64.ActiveCfg = Release|x64
		{116078AA-69D7-AA9E-5AF3-074D05E9936B}.Release|x64.Build.0 = Release|x64
		{116078AA-69D7-AA9E-5AF3-074D05E9936B}.Release|Win32.ActiveCfg = Release|Win32
		{116078AA-69D7-AA9E-5AF3-074D05E9936B}.Release|Win32.Build.0 = Release|Win32
		{19939F03-41E6-0366-AE5B-C68577809A4D}.Debug|x64.ActiveCfg = Debug|x64
		{19939F03-41E6-0366-AE5B-C68577809A4D}.Debug|x64.Build.0 = Debug|x64
		{19939F03-41E6-0366-AE5B-C68577809A4D}.Debug|Win32.ActiveCfg = Debug|Win32
		{19939F03-41E6-0366-AE5B-C68577809A4D}.Debug|Win32.Build.0 = Debug|Win32
		{19939F03-41E6-0366-AE5B-C68577809A4D}.Release|x64.ActiveCfg = Release|x64
		{19939F03-41E6-0366-AE5B-C68577809A4D}.Release|x64.Build.0 = Release|x64
		{19939F03-41E6-0366-AE5B-C68577809A4D}.Release|Win32.ActiveCfg = Release|Win32
		{19939F03-41E6-0366-AE5B-C68577809A4D}.Release|Win32.Build.0 = Release|Win32
		{30454404-5399-23F1-8052-A1C23577855C}.Debug|x64.ActiveCfg = Debug|x64
		{30454404-5399-23F1-8052-A1C23577855C}.Debug|x64.Build.0 = Debug|x64
		{30454404-5399-23F1-8052-A1C23577855C}.Debug|Win32.ActiveCfg = Debug|Win32
		{30454404-5399-23F1-8052-A1C23577855C}.Debug|Win32.Build.0 = Debug|Win32
		{30454404-5399-23F1-8052-A1C23577855C}.Release|x64.ActiveCfg = Release|x64
		{30454404-5399-23F1-8052-A1C23577855C}.Release|x64.Build.0 = Release|x64
		{30454404-5399-23F1-8052-A1C23577855C}.Release|Win32.ActiveCfg = Release|Win32
		{30454404-5399-23F1-8052-A1C23577855C}.Release|Win32.Build.0 = Release|Win32
		{4964E400-0302-2D0C-A4CB-7AE17DF76E58}.Debug|x64.ActiveCfg = Debug|x64
		{4964E400-0302-2D0C-A4CB-7AE17DF76E58}.Debug|x64.Build.0 = Debug|x64
		{4964E400-0302-2D0C-A4CB-7AE17DF76E58}.Debug|Win32.ActiveCfg = Debug|Win32
		{4964E400-0302-2D0C-A4CB-7AE17DF76E58}.Debug|Win32.Build.0 = Debug|Win32
		{4964E400-0302-2D0C-A4CB-7AE17DF76E58}.Release|x64.ActiveCfg = Release|x64
		{4964E400-0302-2D0C-A4CB-7AE17DF76E58}.Release|x64.Build.0 = Release|x64
		{4964E400-0302-2D0C-A4CB-7AE17DF76E58}.Release|Win32.ActiveCfg = Release|Win32
		{4964E400-0302-2D0C-A4CB-7AE17DF76E58}.Release|Win32.Build.0 = Release|Win32
		{499ADC7B-0F92-F257-B656-3756C0259607}.Debug|x64.ActiveCfg = Debug|x64
		{499ADC7B-0F92-F257-B656-3756C0259607}.Debug|x64.Build.0 = Debug|x64
		{499ADC7B-0F92-F257-B656-3756C0259607}.Debug|Win32.ActiveCfg = Debug|Win32
		{499ADC7B-0F92-F257-B656-3756C0259607}.Debug|Win32.Build.0 = Debug|Win32
		{499ADC7B-0F92-F257-B656-3756C0259607}.Release|x64.ActiveCfg = Release|x64
		{499ADC7B-0F92-F257-B656-3756C0259607}.Release|x64.Build.0 = Release|x64
		{499ADC7B-0F92-F257-B656-3756C0259607}.Release|Win32.ActiveCfg = Release|Win32
		{499ADC7B-0F92-F257-B656-3756C0259607}.Release|Win32.Build.0 = Release|Win32
		{56589046-9C1E-A80B-1216-D2DF082D22F3}.Debug|x64.ActiveCfg = Debug|x64
		{56589046-9C1E-A80B-1216-D2DF082D22F3}.Debug|x64.Build.0 = Debug|x64
		{56589046-9C1E-A80B-1216-D2DF082D22F3}.Debug|Win32.ActiveCfg = Debug|Win32
		{56589046-9C1E-A80B-1216-D2DF082D22F3}.Debug|Win32.Build.0 = Debug|Win32
		{56589046-9C1E-A80B-1216-D2DF082D22F3}.Release|x64.ActiveCfg = Release|x64
		{56589046-9C1E-A80B-1216-D2DF082D22F3}.Release|x64.Build.0 = Release|x64
		{56589046-9C1E-A80B-1216-D2DF082D22F3}.Release|Win32.ActiveCfg = Release|Win32
		{56589046-9C1E-A80B-1216-D2DF082D22F3}.Release|Win32.Build.0 = Release|Win32
		{5B1FD803-5229-A16F-C34D-F74FB0FE9295}.Debug|x64.ActiveCfg = Debug|x64
		{5B1FD803-5229-A16F-C34D-F74FB0FE9295}.Debug|x64.Build.0 = Debug|x64
		{5B1FD803-5229-A16F-C34D-F74FB0FE9295}.Debug|Win32.ActiveCfg = Debug|Win32
		{5B1FD803-5229-A16F-C34D-F74FB0FE9295}.Debug|Win32.Build.0 = Debug|Win32
		{5B1FD803-5229-A16F-C34D-F74FB0FE9295}.Release|x64.ActiveCfg = Release|x64
		{5B1FD803-5229-A16F-C34D-F74FB0FE9295}.Release|x64.Build.0 = Release|x64
		{5B1FD803-5229-A16F-C34D-F74FB0FE9295}.Release|Win32.ActiveCfg = Release|Win32
		{5B1FD803-5229-A16F-C34D-F74FB0FE9295}.Release|Win32.Build.0 = Release|Win32
		{8D10F125-0B18-4B8C-9616-9598A4767044}.Debug|x64.ActiveCfg = Debug|x64
		{8D10F125-0B18-4B8C-9616-9598A4767044}.Debug|x64.Build.0 = Debug|x64
		{8D10F125-0B18-4B8C-9616-9598A4767044}.Debug|Win32.ActiveCfg = Debug|Win32
		{8D10F125-0B18-4B8C-9616-9598A4767044}.Debug|Win32.Build.0 = Debug|Win32
		{8D10F125-0B18-4B8C-9616-9598A4767044}.Release|x64.ActiveCfg = Release|x64
		{8D10F125-0B18-4B8C-9616-9598A4767044}.Release|x64.Build.0 = Release|x64
		{8D10F125-0B18-4B8C-9616-9598A4767044}.Release|Win32.ActiveCfg = Release|Win32
		{8D10F125-0B18-4B8C-9616-9598A4767044}.Release|Win32.Build.0 = Release|Win32
		{AC9322AB-8286-E6FB-D007-3EA0C971DF2A}.Debug|x64.ActiveCfg = Debug|x64
		{AC9322AB-8286-E6FB-D007-3EA0C971DF2A}.Debug|x64.Build.0 = Debug|x64
		{AC9322AB-8286-E6FB-D007-3EA0C971DF2A}.Debug|Win32.ActiveCfg = Debug|Win32
		{AC9322AB-8286-E6FB-D007-3EA0C971DF2A}.Debug|Win32.Build.0 = Debug|Win32
		{AC9322AB-8286-E6FB-D007-3EA0C971DF2A}.Release|x64.ActiveCfg = Release|x64
		{AC9322AB-8286-E6FB-D007-3EA0C971DF2A}.Release|x64.Build.0 = Release|x64
		{AC9322AB-8286-E6FB-D007-3EA0C971DF2A}.Release|Win32.ActiveCfg = Release|Win32
		{AC9322AB-8286-E6FB-D007-3EA0C971DF2A}.Release|Win32.Build.0 = Release|Win32
		{D20FBF00-127A-A0E0-0018-C2A27C67B564}.Debug|x64.ActiveCfg = Debug|x64
		{D20FBF00-127A-A0E0-0018-C2A27C67B564}.Debug|x64.Build.0 = Debug|x64
		{D20FBF00-127A-A0E0-0018-C2A27C67B564}.Debug|Win32.ActiveCfg = Debug|Win32
		{D20FBF00-127A-A0E0-0018-C2A27C67B564}.Debug|Win32.Build.0 = Debug|Win32
		{D20FBF00-127A-A0E0-0018-C2A27C67B564}.Release|x64.ActiveCfg = Release|x64
		{D20FBF00-127A-A0E0-0018-C2A27C67B564}.Release|x64.Build.0 = Release|x64
		{D20FBF00-127A-A0E0-0018-C2A27C67B564}.Release|Win32.ActiveCfg = Release|Win32
		{D20FBF00-127A-A0E0-0018-C2A27C67B564}.Release|Win32.Build.0 = Release|Win32
		{DC90AC32-12BD-DB29-DDB5-466B90D288D1}.Debug|x64.ActiveCfg = Debug|x64
		{DC90AC32-12BD-DB29-DDB5-466B90D288D1}.Debug|x64.Build.0 = Debug|x64
		{DC90AC32-12BD-DB29-DDB5-466B90D288D1}.Debug|Win32.ActiveCfg = Debug|Win32
		{DC90AC32-12BD-DB29-DDB5-466B90D288D1}.Debug|Win32.Build.0 = Debug|Win32
		{DC90AC32-12BD-DB29-DDB5-466B90D288D1}.Release|x64.ActiveCfg = Release|x64
		{DC90AC32-12BD-DB29-DDB5-466B90D288D1}.Release|x64.Build.0 = Release|x64
		{DC90AC32-12BD-DB29-DDB5-466B90D288D1}.Release|Win32.ActiveCfg = Release|Win32
		{DC90AC32-12BD-DB29-DDB5-466B90D288D1}.Release|Win32.Build.0 = Release|Win32
	EndGlobalSection
	GlobalSection(SolutionProperties) = preSolution
		HideSolutionNode = FALSE
	EndGlobalSection
	GlobalSection(NestedProjects) = preSolution
		{19939F03-41E6-0366-AE5B-C68577809A4D} = {9785FB75-982A-5DE3-252D-3F288B9FEF5B}
		{56589046-9C1E-A80B-1216-D2DF082D22F3} = {414C47A8-71BB-ACE0-6CE6-DD9ED7C30D04}
		{DC90AC32-12BD-DB29-DDB5-466B90D288D1} = {A3CD0306-7165-57DC-E874-48B8700B644C}
		{5B1FD803-5229-A16F-C34D-F74FB0FE9295} = {A3CD0306-7165-57DC-E874-48B8700B644C}
		{AC9322AB-8286-E6FB-D007-3EA0C971DF2A} = {A3CD0306-7165-57DC-E874-48B8700B644C}
		{30454404-5399-23F1-8052-A1C23577855C} = {96A8EC63-88DB-B85C-EEBC-43667C60DEB3}
		{D20FBF00-127A-A0E0-0018-C2A27C67B564} = {FF6C6E0D-F605-D848-8A79-B0ED90BBDB2F}
		{0230916C-83C6-3B56-A692-3FD3BC5657FB} = {FF6C6E0D-F605-D848-8A79-B0ED90BBDB2F}
		{499ADC7B-0F92-F257-B656-3756C0259607} = {FF6C6E0D-F605-D848-8A79-B0ED90BBDB2F}
		{4964E400-0302-2D0C-A4CB-7AE17DF76E58} = {6F65C5B7-9E33-7094-AE10-CDE861A33D0C}
		{FF6C6E0D-F605-D848-8A79-B0ED90BBDB2F} = {89C816A7-DD31-D54C-C69C-5A80E0C49B77}
		{6F65C5B7-9E33-7094-AE10-CDE861A33D0C} = {89C816A7-DD31-D54C-C69C-5A80E0C49B77}
		{8D10F125-0B18-4B8C-9616-9598A4767044} = {89C816A7-DD31-D54C-C69C-5A80E0C49B77}
		{116078AA-69D7-AA9E-5AF3-074D05E9936B} = {89C816A7-DD31-D54C-C69C-5A80E0C49B77}
	EndGlobalSection
EndGlobal
