Microsoft Visual Studio Solution File, Format Version 9.00
# Visual Studio 2005
Project("{2150E333-8FDC-42A3-9474-1A3956D46DE8}") = "(base)", "..\..\..\..\base", "{9785FB75-982A-5DE3-252D-3F288B9FEF5B}"
EndProject
Project("{2150E333-8FDC-42A3-9474-1A3956D46DE8}") = "(modules)", "..\..\..\..\modules", "{ABA814CE-769C-A7C4-7A0D-B2A09A6EE486}"
EndProject
Project("{2150E333-8FDC-42A3-9474-1A3956D46DE8}") = "(parsertc50)", "..\..\..\..\modules\parsertc50", "{1D4ECB7B-CF85-5148-129A-A1679EE17DAC}"
EndProject
Project("{2150E333-8FDC-42A3-9474-1A3956D46DE8}") = "(regex)", "..\..\..\..\third_party\regex", "{6F65C5B7-9E33-7094-AE10-CDE861A33D0C}"
EndProject
Project("{2150E333-8FDC-42A3-9474-1A3956D46DE8}") = "(third_party)", "..\..\..\..\third_party", "{89C816A7-DD31-D54C-C69C-5A80E0C49B77}"
EndProject
Project("{8BC9CEB8-8B4A-11D0-8D11-00A0C91BC942}") = "base_static", "..\..\base\base_static.vcproj", "{4B4726BC-F0E8-54C1-9C9A-0D8ABF67A9FA}"
EndProject
Project("{8BC9CEB8-8B4A-11D0-8D11-00A0C91BC942}") = "parsertc50", "parsertc50.vcproj", "{CF2228D4-163D-302C-C747-821E7A7FE960}"
	ProjectSection(ProjectDependencies) = postProject
		{CD0951FC-0956-825F-6B9A-F6FBFC100CD7} = {CD0951FC-0956-825F-6B9A-F6FBFC100CD7}
		{4B4726BC-F0E8-54C1-9C9A-0D8ABF67A9FA} = {4B4726BC-F0E8-54C1-9C9A-0D8ABF67A9FA}
		{AA1811EA-7BB0-EC55-7CE6-7FD65E0239C8} = {AA1811EA-7BB0-EC55-7CE6-7FD65E0239C8}
	EndProjectSection
EndProject
Project("{8BC9CEB8-8B4A-11D0-8D11-00A0C91BC942}") = "parsertc50_static", "parsertc50_static.vcproj", "{CD0951FC-0956-825F-6B9A-F6FBFC100CD7}"
EndProject
Project("{8BC9CEB8-8B4A-11D0-8D11-00A0C91BC942}") = "parsertc50_unittest", "parsertc50_unittest.vcproj", "{37584D0C-68F1-4B4A-F290-993CD42EBED7}"
	ProjectSection(ProjectDependencies) = postProject
		{CD0951FC-0956-825F-6B9A-F6FBFC100CD7} = {CD0951FC-0956-825F-6B9A-F6FBFC100CD7}
		{4B4726BC-F0E8-54C1-9C9A-0D8ABF67A9FA} = {4B4726BC-F0E8-54C1-9C9A-0D8ABF67A9FA}
		{AA1811EA-7BB0-EC55-7CE6-7FD65E0239C8} = {AA1811EA-7BB0-EC55-7CE6-7FD65E0239C8}
	EndProjectSection
EndProject
Project("{8BC9CEB8-8B4A-11D0-8D11-00A0C91BC942}") = "regex_static", "..\..\third_party\regex\regex_static.vcproj", "{AA1811EA-7BB0-EC55-7CE6-7FD65E0239C8}"
EndProject
Global
	GlobalSection(SolutionConfigurationPlatforms) = preSolution
		Debug|x64 = Debug|x64
		Debug|Win32 = Debug|Win32
		Release|x64 = Release|x64
		Release|Win32 = Release|Win32
	EndGlobalSection
	GlobalSection(ProjectConfigurationPlatforms) = postSolution
		{37584D0C-68F1-4B4A-F290-993CD42EBED7}.Debug|x64.ActiveCfg = Debug|x64
		{37584D0C-68F1-4B4A-F290-993CD42EBED7}.Debug|x64.Build.0 = Debug|x64
		{37584D0C-68F1-4B4A-F290-993CD42EBED7}.Debug|Win32.ActiveCfg = Debug|Win32
		{37584D0C-68F1-4B4A-F290-993CD42EBED7}.Debug|Win32.Build.0 = Debug|Win32
		{37584D0C-68F1-4B4A-F290-993CD42EBED7}.Release|x64.ActiveCfg = Release|x64
		{37584D0C-68F1-4B4A-F290-993CD42EBED7}.Release|x64.Build.0 = Release|x64
		{37584D0C-68F1-4B4A-F290-993CD42EBED7}.Release|Win32.ActiveCfg = Release|Win32
		{37584D0C-68F1-4B4A-F290-993CD42EBED7}.Release|Win32.Build.0 = Release|Win32
		{4B4726BC-F0E8-54C1-9C9A-0D8ABF67A9FA}.Debug|x64.ActiveCfg = Debug|x64
		{4B4726BC-F0E8-54C1-9C9A-0D8ABF67A9FA}.Debug|x64.Build.0 = Debug|x64
		{4B4726BC-F0E8-54C1-9C9A-0D8ABF67A9FA}.Debug|Win32.ActiveCfg = Debug|Win32
		{4B4726BC-F0E8-54C1-9C9A-0D8ABF67A9FA}.Debug|Win32.Build.0 = Debug|Win32
		{4B4726BC-F0E8-54C1-9C9A-0D8ABF67A9FA}.Release|x64.ActiveCfg = Release|x64
		{4B4726BC-F0E8-54C1-9C9A-0D8ABF67A9FA}.Release|x64.Build.0 = Release|x64
		{4B4726BC-F0E8-54C1-9C9A-0D8ABF67A9FA}.Release|Win32.ActiveCfg = Release|Win32
		{4B4726BC-F0E8-54C1-9C9A-0D8ABF67A9FA}.Release|Win32.Build.0 = Release|Win32
		{AA1811EA-7BB0-EC55-7CE6-7FD65E0239C8}.Debug|x64.ActiveCfg = Debug|x64
		{AA1811EA-7BB0-EC55-7CE6-7FD65E0239C8}.Debug|x64.Build.0 = Debug|x64
		{AA1811EA-7BB0-EC55-7CE6-7FD65E0239C8}.Debug|Win32.ActiveCfg = Debug|Win32
		{AA1811EA-7BB0-EC55-7CE6-7FD65E0239C8}.Debug|Win32.Build.0 = Debug|Win32
		{AA1811EA-7BB0-EC55-7CE6-7FD65E0239C8}.Release|x64.ActiveCfg = Release|x64
		{AA1811EA-7BB0-EC55-7CE6-7FD65E0239C8}.Release|x64.Build.0 = Release|x64
		{AA1811EA-7BB0-EC55-7CE6-7FD65E0239C8}.Release|Win32.ActiveCfg = Release|Win32
		{AA1811EA-7BB0-EC55-7CE6-7FD65E0239C8}.Release|Win32.Build.0 = Release|Win32
		{CD0951FC-0956-825F-6B9A-F6FBFC100CD7}.Debug|x64.ActiveCfg = Debug|x64
		{CD0951FC-0956-825F-6B9A-F6FBFC100CD7}.Debug|x64.Build.0 = Debug|x64
		{CD0951FC-0956-825F-6B9A-F6FBFC100CD7}.Debug|Win32.ActiveCfg = Debug|Win32
		{CD0951FC-0956-825F-6B9A-F6FBFC100CD7}.Debug|Win32.Build.0 = Debug|Win32
		{CD0951FC-0956-825F-6B9A-F6FBFC100CD7}.Release|x64.ActiveCfg = Release|x64
		{CD0951FC-0956-825F-6B9A-F6FBFC100CD7}.Release|x64.Build.0 = Release|x64
		{CD0951FC-0956-825F-6B9A-F6FBFC100CD7}.Release|Win32.ActiveCfg = Release|Win32
		{CD0951FC-0956-825F-6B9A-F6FBFC100CD7}.Release|Win32.Build.0 = Release|Win32
		{CF2228D4-163D-302C-C747-821E7A7FE960}.Debug|x64.ActiveCfg = Debug|x64
		{CF2228D4-163D-302C-C747-821E7A7FE960}.Debug|x64.Build.0 = Debug|x64
		{CF2228D4-163D-302C-C747-821E7A7FE960}.Debug|Win32.ActiveCfg = Debug|Win32
		{CF2228D4-163D-302C-C747-821E7A7FE960}.Debug|Win32.Build.0 = Debug|Win32
		{CF2228D4-163D-302C-C747-821E7A7FE960}.Release|x64.ActiveCfg = Release|x64
		{CF2228D4-163D-302C-C747-821E7A7FE960}.Release|x64.Build.0 = Release|x64
		{CF2228D4-163D-302C-C747-821E7A7FE960}.Release|Win32.ActiveCfg = Release|Win32
		{CF2228D4-163D-302C-C747-821E7A7FE960}.Release|Win32.Build.0 = Release|Win32
	EndGlobalSection
	GlobalSection(SolutionProperties) = preSolution
		HideSolutionNode = FALSE
	EndGlobalSection
	GlobalSection(NestedProjects) = preSolution
		{4B4726BC-F0E8-54C1-9C9A-0D8ABF67A9FA} = {9785FB75-982A-5DE3-252D-3F288B9FEF5B}
		{1D4ECB7B-CF85-5148-129A-A1679EE17DAC} = {ABA814CE-769C-A7C4-7A0D-B2A09A6EE486}
		{CF2228D4-163D-302C-C747-821E7A7FE960} = {1D4ECB7B-CF85-5148-129A-A1679EE17DAC}
		{CD0951FC-0956-825F-6B9A-F6FBFC100CD7} = {1D4ECB7B-CF85-5148-129A-A1679EE17DAC}
		{37584D0C-68F1-4B4A-F290-993CD42EBED7} = {1D4ECB7B-CF85-5148-129A-A1679EE17DAC}
		{AA1811EA-7BB0-EC55-7CE6-7FD65E0239C8} = {6F65C5B7-9E33-7094-AE10-CDE861A33D0C}
		{6F65C5B7-9E33-7094-AE10-CDE861A33D0C} = {89C816A7-DD31-D54C-C69C-5A80E0C49B77}
	EndGlobalSection
EndGlobal
