Microsoft Visual Studio Solution File, Format Version 9.00
# Visual Studio 2005
Project("{2150E333-8FDC-42A3-9474-1A3956D46DE8}") = "(base)", "..\..\..\base", "{9785FB75-982A-5DE3-252D-3F288B9FEF5B}"
EndProject
Project("{2150E333-8FDC-42A3-9474-1A3956D46DE8}") = "(coder)", "..\..\..\coder", "{414C47A8-71BB-ACE0-6CE6-DD9ED7C30D04}"
EndProject
Project("{2150E333-8FDC-42A3-9474-1A3956D46DE8}") = "(third_party)", "..\..\..\third_party", "{89C816A7-DD31-D54C-C69C-5A80E0C49B77}"
EndProject
Project("{8BC9CEB8-8B4A-11D0-8D11-00A0C91BC942}") = "base_static", "..\base\base_static.vcproj", "{19939F03-41E6-0366-AE5B-C68577809A4D}"
EndProject
Project("{8BC9CEB8-8B4A-11D0-8D11-00A0C91BC942}") = "coder", "coder.vcproj", "{215A9F8F-BC35-E752-5DE7-54770ACB29D4}"
	ProjectSection(ProjectDependencies) = postProject
		{56589046-9C1E-A80B-1216-D2DF082D22F3} = {56589046-9C1E-A80B-1216-D2DF082D22F3}
		{19939F03-41E6-0366-AE5B-C68577809A4D} = {19939F03-41E6-0366-AE5B-C68577809A4D}
		{116078AA-69D7-AA9E-5AF3-074D05E9936B} = {116078AA-69D7-AA9E-5AF3-074D05E9936B}
	EndProjectSection
EndProject
Project("{8BC9CEB8-8B4A-11D0-8D11-00A0C91BC942}") = "coder_static", "coder_static.vcproj", "{56589046-9C1E-A80B-1216-D2DF082D22F3}"
EndProject
Project("{8BC9CEB8-8B4A-11D0-8D11-00A0C91BC942}") = "coder_unittest", "coder_unittest.vcproj", "{651DAFDA-D262-7526-A9FC-3C22EA657DBD}"
	ProjectSection(ProjectDependencies) = postProject
		{56589046-9C1E-A80B-1216-D2DF082D22F3} = {56589046-9C1E-A80B-1216-D2DF082D22F3}
		{19939F03-41E6-0366-AE5B-C68577809A4D} = {19939F03-41E6-0366-AE5B-C68577809A4D}
		{116078AA-69D7-AA9E-5AF3-074D05E9936B} = {116078AA-69D7-AA9E-5AF3-074D05E9936B}
	EndProjectSection
EndProject
Project("{8BC9CEB8-8B4A-11D0-8D11-00A0C91BC942}") = "zlib", "..\third_party\zlib\zlib.vcproj", "{116078AA-69D7-AA9E-5AF3-074D05E9936B}"
EndProject
Global
	GlobalSection(SolutionConfigurationPlatforms) = preSolution
		Debug|x64 = Debug|x64
		Debug|Win32 = Debug|Win32
		Release|x64 = Release|x64
		Release|Win32 = Release|Win32
	EndGlobalSection
	GlobalSection(ProjectConfigurationPlatforms) = postSolution
		{116078AA-69D7-AA9E-5AF3-074D05E9936B}.Debug|x64.ActiveCfg = Debug|x64
		{116078AA-69D7-AA9E-5AF3-074D05E9936B}.Debug|x64.Build.0 = Debug|x64
		{116078AA-69D7-AA9E-5AF3-074D05E9936B}.Debug|Win32.ActiveCfg = Debug|Win32
		{116078AA-69D7-AA9E-5AF3-074D05E9936B}.Debug|Win32.Build.0 = Debug|Win32
		{116078AA-69D7-AA9E-5AF3-074D05E9936B}.Release|x64.ActiveCfg = Release|x64
		{116078AA-69D7-AA9E-5AF3-074D05E9936B}.Release|x64.Build.0 = Release|x64
		{116078AA-69D7-AA9E-5AF3-074D05E9936B}.Release|Win32.ActiveCfg = Release|Win32
		{116078AA-69D7-AA9E-5AF3-074D05E9936B}.Release|Win32.Build.0 = Release|Win32
		{19939F03-41E6-0366-AE5B-C68577809A4D}.Debug|x64.ActiveCfg = Debug|x64
		{19939F03-41E6-0366-AE5B-C68577809A4D}.Debug|x64.Build.0 = Debug|x64
		{19939F03-41E6-0366-AE5B-C68577809A4D}.Debug|Win32.ActiveCfg = Debug|Win32
		{19939F03-41E6-0366-AE5B-C68577809A4D}.Debug|Win32.Build.0 = Debug|Win32
		{19939F03-41E6-0366-AE5B-C68577809A4D}.Release|x64.ActiveCfg = Release|x64
		{19939F03-41E6-0366-AE5B-C68577809A4D}.Release|x64.Build.0 = Release|x64
		{19939F03-41E6-0366-AE5B-C68577809A4D}.Release|Win32.ActiveCfg = Release|Win32
		{19939F03-41E6-0366-AE5B-C68577809A4D}.Release|Win32.Build.0 = Release|Win32
		{215A9F8F-BC35-E752-5DE7-54770ACB29D4}.Debug|x64.ActiveCfg = Debug|x64
		{215A9F8F-BC35-E752-5DE7-54770ACB29D4}.Debug|x64.Build.0 = Debug|x64
		{215A9F8F-BC35-E752-5DE7-54770ACB29D4}.Debug|Win32.ActiveCfg = Debug|Win32
		{215A9F8F-BC35-E752-5DE7-54770ACB29D4}.Debug|Win32.Build.0 = Debug|Win32
		{215A9F8F-BC35-E752-5DE7-54770ACB29D4}.Release|x64.ActiveCfg = Release|x64
		{215A9F8F-BC35-E752-5DE7-54770ACB29D4}.Release|x64.Build.0 = Release|x64
		{215A9F8F-BC35-E752-5DE7-54770ACB29D4}.Release|Win32.ActiveCfg = Release|Win32
		{215A9F8F-BC35-E752-5DE7-54770ACB29D4}.Release|Win32.Build.0 = Release|Win32
		{56589046-9C1E-A80B-1216-D2DF082D22F3}.Debug|x64.ActiveCfg = Debug|x64
		{56589046-9C1E-A80B-1216-D2DF082D22F3}.Debug|x64.Build.0 = Debug|x64
		{56589046-9C1E-A80B-1216-D2DF082D22F3}.Debug|Win32.ActiveCfg = Debug|Win32
		{56589046-9C1E-A80B-1216-D2DF082D22F3}.Debug|Win32.Build.0 = Debug|Win32
		{56589046-9C1E-A80B-1216-D2DF082D22F3}.Release|x64.ActiveCfg = Release|x64
		{56589046-9C1E-A80B-1216-D2DF082D22F3}.Release|x64.Build.0 = Release|x64
		{56589046-9C1E-A80B-1216-D2DF082D22F3}.Release|Win32.ActiveCfg = Release|Win32
		{56589046-9C1E-A80B-1216-D2DF082D22F3}.Release|Win32.Build.0 = Release|Win32
		{651DAFDA-D262-7526-A9FC-3C22EA657DBD}.Debug|x64.ActiveCfg = Debug|x64
		{651DAFDA-D262-7526-A9FC-3C22EA657DBD}.Debug|x64.Build.0 = Debug|x64
		{651DAFDA-D262-7526-A9FC-3C22EA657DBD}.Debug|Win32.ActiveCfg = Debug|Win32
		{651DAFDA-D262-7526-A9FC-3C22EA657DBD}.Debug|Win32.Build.0 = Debug|Win32
		{651DAFDA-D262-7526-A9FC-3C22EA657DBD}.Release|x64.ActiveCfg = Release|x64
		{651DAFDA-D262-7526-A9FC-3C22EA657DBD}.Release|x64.Build.0 = Release|x64
		{651DAFDA-D262-7526-A9FC-3C22EA657DBD}.Release|Win32.ActiveCfg = Release|Win32
		{651DAFDA-D262-7526-A9FC-3C22EA657DBD}.Release|Win32.Build.0 = Release|Win32
	EndGlobalSection
	GlobalSection(SolutionProperties) = preSolution
		HideSolutionNode = FALSE
	EndGlobalSection
	GlobalSection(NestedProjects) = preSolution
		{19939F03-41E6-0366-AE5B-C68577809A4D} = {9785FB75-982A-5DE3-252D-3F288B9FEF5B}
		{215A9F8F-BC35-E752-5DE7-54770ACB29D4} = {414C47A8-71BB-ACE0-6CE6-DD9ED7C30D04}
		{56589046-9C1E-A80B-1216-D2DF082D22F3} = {414C47A8-71BB-ACE0-6CE6-DD9ED7C30D04}
		{651DAFDA-D262-7526-A9FC-3C22EA657DBD} = {414C47A8-71BB-ACE0-6CE6-DD9ED7C30D04}
		{116078AA-69D7-AA9E-5AF3-074D05E9936B} = {89C816A7-DD31-D54C-C69C-5A80E0C49B77}
	EndGlobalSection
EndGlobal
