Microsoft Visual Studio Solution File, Format Version 9.00
# Visual Studio 2005
Project("{2150E333-8FDC-42A3-9474-1A3956D46DE8}") = "(base)", "(base)", "{9785FB75-982A-5DE3-252D-3F288B9FEF5B}"
EndProject
Project("{2150E333-8FDC-42A3-9474-1A3956D46DE8}") = "(database)", "(database)", "{B721A654-539F-1C9A-8B49-FBC3F5F8EB9D}"
EndProject
Project("{2150E333-8FDC-42A3-9474-1A3956D46DE8}") = "(regex)", "(regex)", "{6F65C5B7-9E33-7094-AE10-CDE861A33D0C}"
EndProject
Project("{2150E333-8FDC-42A3-9474-1A3956D46DE8}") = "(t2ee)", "(t2ee)", "{FE01D468-8034-4AD0-1DC4-D11DE7E84254}"
EndProject
Project("{2150E333-8FDC-42A3-9474-1A3956D46DE8}") = "(third_party)", "(third_party)", "{89C816A7-DD31-D54C-C69C-5A80E0C49B77}"
EndProject
Project("{8BC9CEB8-8B4A-11D0-8D11-00A0C91BC942}") = "base_static", "..\..\base\base_static.vcproj", "{9EE064D2-9BFF-1680-D636-59AAB92F20DD}"
EndProject
Project("{8BC9CEB8-8B4A-11D0-8D11-00A0C91BC942}") = "database_static", "..\..\database\database_static.vcproj", "{3DEDEA72-EB9F-FE05-8708-C09C64427ABD}"
EndProject
Project("{8BC9CEB8-8B4A-11D0-8D11-00A0C91BC942}") = "import", "import.vcproj", "{305F8D20-2AB2-D80C-AC89-E9F22ECBF86C}"
	ProjectSection(ProjectDependencies) = postProject
		{9EE064D2-9BFF-1680-D636-59AAB92F20DD} = {9EE064D2-9BFF-1680-D636-59AAB92F20DD}
		{3DEDEA72-EB9F-FE05-8708-C09C64427ABD} = {3DEDEA72-EB9F-FE05-8708-C09C64427ABD}
		{93095EF5-F287-843D-A372-7794BCB79C7E} = {93095EF5-F287-843D-A372-7794BCB79C7E}
	EndProjectSection
EndProject
Project("{8BC9CEB8-8B4A-11D0-8D11-00A0C91BC942}") = "regex_static", "..\..\third_party\regex\regex_static.vcproj", "{93095EF5-F287-843D-A372-7794BCB79C7E}"
EndProject
Global
	GlobalSection(SolutionConfigurationPlatforms) = preSolution
		Debug|Win32 = Debug|Win32
		Debug|x64 = Debug|x64
		Release|Win32 = Release|Win32
		Release|x64 = Release|x64
	EndGlobalSection
	GlobalSection(ProjectConfigurationPlatforms) = postSolution
		{9EE064D2-9BFF-1680-D636-59AAB92F20DD}.Debug|Win32.ActiveCfg = Debug|Win32
		{9EE064D2-9BFF-1680-D636-59AAB92F20DD}.Debug|Win32.Build.0 = Debug|Win32
		{9EE064D2-9BFF-1680-D636-59AAB92F20DD}.Debug|x64.ActiveCfg = Debug|x64
		{9EE064D2-9BFF-1680-D636-59AAB92F20DD}.Debug|x64.Build.0 = Debug|x64
		{9EE064D2-9BFF-1680-D636-59AAB92F20DD}.Release|Win32.ActiveCfg = Release|Win32
		{9EE064D2-9BFF-1680-D636-59AAB92F20DD}.Release|Win32.Build.0 = Release|Win32
		{9EE064D2-9BFF-1680-D636-59AAB92F20DD}.Release|x64.ActiveCfg = Release|x64
		{9EE064D2-9BFF-1680-D636-59AAB92F20DD}.Release|x64.Build.0 = Release|x64
		{3DEDEA72-EB9F-FE05-8708-C09C64427ABD}.Debug|Win32.ActiveCfg = Debug|Win32
		{3DEDEA72-EB9F-FE05-8708-C09C64427ABD}.Debug|Win32.Build.0 = Debug|Win32
		{3DEDEA72-EB9F-FE05-8708-C09C64427ABD}.Debug|x64.ActiveCfg = Debug|x64
		{3DEDEA72-EB9F-FE05-8708-C09C64427ABD}.Debug|x64.Build.0 = Debug|x64
		{3DEDEA72-EB9F-FE05-8708-C09C64427ABD}.Release|Win32.ActiveCfg = Release|Win32
		{3DEDEA72-EB9F-FE05-8708-C09C64427ABD}.Release|Win32.Build.0 = Release|Win32
		{3DEDEA72-EB9F-FE05-8708-C09C64427ABD}.Release|x64.ActiveCfg = Release|x64
		{3DEDEA72-EB9F-FE05-8708-C09C64427ABD}.Release|x64.Build.0 = Release|x64
		{305F8D20-2AB2-D80C-AC89-E9F22ECBF86C}.Debug|Win32.ActiveCfg = Debug|Win32
		{305F8D20-2AB2-D80C-AC89-E9F22ECBF86C}.Debug|Win32.Build.0 = Debug|Win32
		{305F8D20-2AB2-D80C-AC89-E9F22ECBF86C}.Debug|x64.ActiveCfg = Debug|x64
		{305F8D20-2AB2-D80C-AC89-E9F22ECBF86C}.Debug|x64.Build.0 = Debug|x64
		{305F8D20-2AB2-D80C-AC89-E9F22ECBF86C}.Release|Win32.ActiveCfg = Release|Win32
		{305F8D20-2AB2-D80C-AC89-E9F22ECBF86C}.Release|Win32.Build.0 = Release|Win32
		{305F8D20-2AB2-D80C-AC89-E9F22ECBF86C}.Release|x64.ActiveCfg = Release|x64
		{305F8D20-2AB2-D80C-AC89-E9F22ECBF86C}.Release|x64.Build.0 = Release|x64
		{93095EF5-F287-843D-A372-7794BCB79C7E}.Debug|Win32.ActiveCfg = Debug|Win32
		{93095EF5-F287-843D-A372-7794BCB79C7E}.Debug|Win32.Build.0 = Debug|Win32
		{93095EF5-F287-843D-A372-7794BCB79C7E}.Debug|x64.ActiveCfg = Debug|x64
		{93095EF5-F287-843D-A372-7794BCB79C7E}.Debug|x64.Build.0 = Debug|x64
		{93095EF5-F287-843D-A372-7794BCB79C7E}.Release|Win32.ActiveCfg = Release|Win32
		{93095EF5-F287-843D-A372-7794BCB79C7E}.Release|Win32.Build.0 = Release|Win32
		{93095EF5-F287-843D-A372-7794BCB79C7E}.Release|x64.ActiveCfg = Release|x64
		{93095EF5-F287-843D-A372-7794BCB79C7E}.Release|x64.Build.0 = Release|x64
	EndGlobalSection
	GlobalSection(SolutionProperties) = preSolution
		HideSolutionNode = FALSE
	EndGlobalSection
	GlobalSection(NestedProjects) = preSolution
		{9EE064D2-9BFF-1680-D636-59AAB92F20DD} = {9785FB75-982A-5DE3-252D-3F288B9FEF5B}
		{3DEDEA72-EB9F-FE05-8708-C09C64427ABD} = {B721A654-539F-1C9A-8B49-FBC3F5F8EB9D}
		{6F65C5B7-9E33-7094-AE10-CDE861A33D0C} = {89C816A7-DD31-D54C-C69C-5A80E0C49B77}
		{305F8D20-2AB2-D80C-AC89-E9F22ECBF86C} = {FE01D468-8034-4AD0-1DC4-D11DE7E84254}
		{93095EF5-F287-843D-A372-7794BCB79C7E} = {6F65C5B7-9E33-7094-AE10-CDE861A33D0C}
	EndGlobalSection
EndGlobal
