Microsoft Visual Studio Solution File, Format Version 9.00
# Visual Studio 2005
Project("{8BC9CEB8-8B4A-11D0-8D11-00A0C91BC942}") = "net", "net.vcproj", "{76027360-C0B5-F4D8-893D-3B41D83E6346}"
	ProjectSection(ProjectDependencies) = postProject
		{30454404-5399-23F1-8052-A1C23577855C} = {30454404-5399-23F1-8052-A1C23577855C}
	EndProjectSection
EndProject
Project("{8BC9CEB8-8B4A-11D0-8D11-00A0C91BC942}") = "net_static", "net_static.vcproj", "{30454404-5399-23F1-8052-A1C23577855C}"
EndProject
Project("{8BC9CEB8-8B4A-11D0-8D11-00A0C91BC942}") = "net_unittest", "net_unittest.vcproj", "{89A333D3-6087-B438-9F0C-DE31DDF07886}"
	ProjectSection(ProjectDependencies) = postProject
		{30454404-5399-23F1-8052-A1C23577855C} = {30454404-5399-23F1-8052-A1C23577855C}
	EndProjectSection
EndProject
Global
	GlobalSection(SolutionConfigurationPlatforms) = preSolution
		Debug|x64 = Debug|x64
		Debug|Win32 = Debug|Win32
		Release|x64 = Release|x64
		Release|Win32 = Release|Win32
	EndGlobalSection
	GlobalSection(ProjectConfigurationPlatforms) = postSolution
		{30454404-5399-23F1-8052-A1C23577855C}.Debug|x64.ActiveCfg = Debug|x64
		{30454404-5399-23F1-8052-A1C23577855C}.Debug|x64.Build.0 = Debug|x64
		{30454404-5399-23F1-8052-A1C23577855C}.Debug|Win32.ActiveCfg = Debug|Win32
		{30454404-5399-23F1-8052-A1C23577855C}.Debug|Win32.Build.0 = Debug|Win32
		{30454404-5399-23F1-8052-A1C23577855C}.Release|x64.ActiveCfg = Release|x64
		{30454404-5399-23F1-8052-A1C23577855C}.Release|x64.Build.0 = Release|x64
		{30454404-5399-23F1-8052-A1C23577855C}.Release|Win32.ActiveCfg = Release|Win32
		{30454404-5399-23F1-8052-A1C23577855C}.Release|Win32.Build.0 = Release|Win32
		{76027360-C0B5-F4D8-893D-3B41D83E6346}.Debug|x64.ActiveCfg = Debug|x64
		{76027360-C0B5-F4D8-893D-3B41D83E6346}.Debug|x64.Build.0 = Debug|x64
		{76027360-C0B5-F4D8-893D-3B41D83E6346}.Debug|Win32.ActiveCfg = Debug|Win32
		{76027360-C0B5-F4D8-893D-3B41D83E6346}.Debug|Win32.Build.0 = Debug|Win32
		{76027360-C0B5-F4D8-893D-3B41D83E6346}.Release|x64.ActiveCfg = Release|x64
		{76027360-C0B5-F4D8-893D-3B41D83E6346}.Release|x64.Build.0 = Release|x64
		{76027360-C0B5-F4D8-893D-3B41D83E6346}.Release|Win32.ActiveCfg = Release|Win32
		{76027360-C0B5-F4D8-893D-3B41D83E6346}.Release|Win32.Build.0 = Release|Win32
		{89A333D3-6087-B438-9F0C-DE31DDF07886}.Debug|x64.ActiveCfg = Debug|x64
		{89A333D3-6087-B438-9F0C-DE31DDF07886}.Debug|x64.Build.0 = Debug|x64
		{89A333D3-6087-B438-9F0C-DE31DDF07886}.Debug|Win32.ActiveCfg = Debug|Win32
		{89A333D3-6087-B438-9F0C-DE31DDF07886}.Debug|Win32.Build.0 = Debug|Win32
		{89A333D3-6087-B438-9F0C-DE31DDF07886}.Release|x64.ActiveCfg = Release|x64
		{89A333D3-6087-B438-9F0C-DE31DDF07886}.Release|x64.Build.0 = Release|x64
		{89A333D3-6087-B438-9F0C-DE31DDF07886}.Release|Win32.ActiveCfg = Release|Win32
		{89A333D3-6087-B438-9F0C-DE31DDF07886}.Release|Win32.Build.0 = Release|Win32
	EndGlobalSection
	GlobalSection(SolutionProperties) = preSolution
		HideSolutionNode = FALSE
	EndGlobalSection
EndGlobal
