Microsoft Visual Studio Solution File, Format Version 9.00
# Visual Studio 2005
Project("{2150E333-8FDC-42A3-9474-1A3956D46DE8}") = "(aggregator)", "..\..\..\..\aggregator", "{BA73AE4F-E261-1772-9F82-CA122F047D88}"
EndProject
Project("{2150E333-8FDC-42A3-9474-1A3956D46DE8}") = "(base)", "..\..\..\..\base", "{9785FB75-982A-5DE3-252D-3F288B9FEF5B}"
EndProject
Project("{2150E333-8FDC-42A3-9474-1A3956D46DE8}") = "(coder)", "..\..\..\..\coder", "{414C47A8-71BB-ACE0-6CE6-DD9ED7C30D04}"
EndProject
Project("{2150E333-8FDC-42A3-9474-1A3956D46DE8}") = "(database)", "..\..\..\..\database", "{B721A654-539F-1C9A-8B49-FBC3F5F8EB9D}"
EndProject
Project("{2150E333-8FDC-42A3-9474-1A3956D46DE8}") = "(modules)", "..\..\..\..\modules", "{ABA814CE-769C-A7C4-7A0D-B2A09A6EE486}"
EndProject
Project("{2150E333-8FDC-42A3-9474-1A3956D46DE8}") = "(parsertc50)", "..\..\..\..\modules\parsertc50", "{1D4ECB7B-CF85-5148-129A-A1679EE17DAC}"
EndProject
Project("{2150E333-8FDC-42A3-9474-1A3956D46DE8}") = "(protobuf)", "..\..\..\..\third_party\protobuf", "{FF6C6E0D-F605-D848-8A79-B0ED90BBDB2F}"
EndProject
Project("{2150E333-8FDC-42A3-9474-1A3956D46DE8}") = "(regex)", "..\..\..\..\third_party\regex", "{6F65C5B7-9E33-7094-AE10-CDE861A33D0C}"
EndProject
Project("{2150E333-8FDC-42A3-9474-1A3956D46DE8}") = "(settingdb)", "..\..\..\..\modules\settingdb", "{D8B16EFC-B318-62D3-6A75-EB22438D22CF}"
EndProject
Project("{2150E333-8FDC-42A3-9474-1A3956D46DE8}") = "(t2ee)", "..\..\..\..\t2ee", "{FE01D468-8034-4AD0-1DC4-D11DE7E84254}"
EndProject
Project("{2150E333-8FDC-42A3-9474-1A3956D46DE8}") = "(third_party)", "..\..\..\..\third_party", "{89C816A7-DD31-D54C-C69C-5A80E0C49B77}"
EndProject
Project("{8BC9CEB8-8B4A-11D0-8D11-00A0C91BC942}") = "aggregator", "..\..\aggregator\aggregator.vcproj", "{D63AB8C1-E25D-AE65-16FC-5AA15C124669}"
	ProjectSection(ProjectDependencies) = postProject
		{0E88791B-60FF-840F-E329-966BD9008EDE} = {0E88791B-60FF-840F-E329-966BD9008EDE}
		{07055E42-5E14-3511-7E25-4B97F48A3325} = {07055E42-5E14-3511-7E25-4B97F48A3325}
		{B3A57C75-177C-3E4C-6E4C-0A26A6A8881C} = {B3A57C75-177C-3E4C-6E4C-0A26A6A8881C}
		{CF2228D4-163D-302C-C747-821E7A7FE960} = {CF2228D4-163D-302C-C747-821E7A7FE960}
		{90EA6E9A-810B-5E2C-9A33-E6D677CA4FD6} = {90EA6E9A-810B-5E2C-9A33-E6D677CA4FD6}
		{5847BE06-C36F-696C-4B3E-3D555B1F667A} = {5847BE06-C36F-696C-4B3E-3D555B1F667A}
		{8F6B3F28-AAA4-1599-9446-AB3E7121D9B9} = {8F6B3F28-AAA4-1599-9446-AB3E7121D9B9}
		{4B4726BC-F0E8-54C1-9C9A-0D8ABF67A9FA} = {4B4726BC-F0E8-54C1-9C9A-0D8ABF67A9FA}
		{B8E00EA4-AFED-F3CD-F57D-C7117CA526E7} = {B8E00EA4-AFED-F3CD-F57D-C7117CA526E7}
		{13CA0DD3-5B9C-3B4A-3936-128DC585A931} = {13CA0DD3-5B9C-3B4A-3936-128DC585A931}
	EndProjectSection
EndProject
Project("{8BC9CEB8-8B4A-11D0-8D11-00A0C91BC942}") = "aggregator_static", "..\..\aggregator\aggregator_static.vcproj", "{B3A57C75-177C-3E4C-6E4C-0A26A6A8881C}"
EndProject
Project("{8BC9CEB8-8B4A-11D0-8D11-00A0C91BC942}") = "base_static", "..\..\base\base_static.vcproj", "{4B4726BC-F0E8-54C1-9C9A-0D8ABF67A9FA}"
EndProject
Project("{8BC9CEB8-8B4A-11D0-8D11-00A0C91BC942}") = "coder_static", "..\..\coder\coder_static.vcproj", "{07055E42-5E14-3511-7E25-4B97F48A3325}"
EndProject
Project("{8BC9CEB8-8B4A-11D0-8D11-00A0C91BC942}") = "database_static", "..\..\database\database_static.vcproj", "{0E88791B-60FF-840F-E329-966BD9008EDE}"
EndProject
Project("{8BC9CEB8-8B4A-11D0-8D11-00A0C91BC942}") = "expat", "..\..\third_party\expat\expat.vcproj", "{13CA0DD3-5B9C-3B4A-3936-128DC585A931}"
EndProject
Project("{8BC9CEB8-8B4A-11D0-8D11-00A0C91BC942}") = "logsystem", "logsystem.vcproj", "{26C32B1E-D5F9-D1B2-296B-830E5176CACD}"
	ProjectSection(ProjectDependencies) = postProject
		{4B4726BC-F0E8-54C1-9C9A-0D8ABF67A9FA} = {4B4726BC-F0E8-54C1-9C9A-0D8ABF67A9FA}
		{D63AB8C1-E25D-AE65-16FC-5AA15C124669} = {D63AB8C1-E25D-AE65-16FC-5AA15C124669}
	EndProjectSection
EndProject
Project("{8BC9CEB8-8B4A-11D0-8D11-00A0C91BC942}") = "parsertc50", "..\..\modules\parsertc50\parsertc50.vcproj", "{CF2228D4-163D-302C-C747-821E7A7FE960}"
	ProjectSection(ProjectDependencies) = postProject
		{CD0951FC-0956-825F-6B9A-F6FBFC100CD7} = {CD0951FC-0956-825F-6B9A-F6FBFC100CD7}
		{4B4726BC-F0E8-54C1-9C9A-0D8ABF67A9FA} = {4B4726BC-F0E8-54C1-9C9A-0D8ABF67A9FA}
		{AA1811EA-7BB0-EC55-7CE6-7FD65E0239C8} = {AA1811EA-7BB0-EC55-7CE6-7FD65E0239C8}
	EndProjectSection
EndProject
Project("{8BC9CEB8-8B4A-11D0-8D11-00A0C91BC942}") = "parsertc50_static", "..\..\modules\parsertc50\parsertc50_static.vcproj", "{CD0951FC-0956-825F-6B9A-F6FBFC100CD7}"
EndProject
Project("{8BC9CEB8-8B4A-11D0-8D11-00A0C91BC942}") = "protobuf_full_do_not_use", "..\..\third_party\protobuf\protobuf_full_do_not_use.vcproj", "{2E971412-80EC-5F4C-78A1-DD6F5765AC51}"
EndProject
Project("{8BC9CEB8-8B4A-11D0-8D11-00A0C91BC942}") = "protobuf_lite", "..\..\third_party\protobuf\protobuf_lite.vcproj", "{8F6B3F28-AAA4-1599-9446-AB3E7121D9B9}"
EndProject
Project("{8BC9CEB8-8B4A-11D0-8D11-00A0C91BC942}") = "protoc", "..\..\third_party\protobuf\protoc.vcproj", "{5847BE06-C36F-696C-4B3E-3D555B1F667A}"
	ProjectSection(ProjectDependencies) = postProject
		{2E971412-80EC-5F4C-78A1-DD6F5765AC51} = {2E971412-80EC-5F4C-78A1-DD6F5765AC51}
		{8F6B3F28-AAA4-1599-9446-AB3E7121D9B9} = {8F6B3F28-AAA4-1599-9446-AB3E7121D9B9}
	EndProjectSection
EndProject
Project("{8BC9CEB8-8B4A-11D0-8D11-00A0C91BC942}") = "regex_static", "..\..\third_party\regex\regex_static.vcproj", "{AA1811EA-7BB0-EC55-7CE6-7FD65E0239C8}"
EndProject
Project("{8BC9CEB8-8B4A-11D0-8D11-00A0C91BC942}") = "settingdb", "..\..\modules\settingdb\settingdb.vcproj", "{90EA6E9A-810B-5E2C-9A33-E6D677CA4FD6}"
	ProjectSection(ProjectDependencies) = postProject
		{7F12F787-49F5-E820-B262-555FC72FCF95} = {7F12F787-49F5-E820-B262-555FC72FCF95}
		{4B4726BC-F0E8-54C1-9C9A-0D8ABF67A9FA} = {4B4726BC-F0E8-54C1-9C9A-0D8ABF67A9FA}
	EndProjectSection
EndProject
Project("{8BC9CEB8-8B4A-11D0-8D11-00A0C91BC942}") = "settingdb_static", "..\..\modules\settingdb\settingdb_static.vcproj", "{7F12F787-49F5-E820-B262-555FC72FCF95}"
EndProject
Project("{8BC9CEB8-8B4A-11D0-8D11-00A0C91BC942}") = "zlib", "..\..\third_party\zlib\zlib.vcproj", "{B8E00EA4-AFED-F3CD-F57D-C7117CA526E7}"
EndProject
Global
	GlobalSection(SolutionConfigurationPlatforms) = preSolution
		Debug|x64 = Debug|x64
		Debug|Win32 = Debug|Win32
		Release|x64 = Release|x64
		Release|Win32 = Release|Win32
	EndGlobalSection
	GlobalSection(ProjectConfigurationPlatforms) = postSolution
		{07055E42-5E14-3511-7E25-4B97F48A3325}.Debug|x64.ActiveCfg = Debug|x64
		{07055E42-5E14-3511-7E25-4B97F48A3325}.Debug|x64.Build.0 = Debug|x64
		{07055E42-5E14-3511-7E25-4B97F48A3325}.Debug|Win32.ActiveCfg = Debug|Win32
		{07055E42-5E14-3511-7E25-4B97F48A3325}.Debug|Win32.Build.0 = Debug|Win32
		{07055E42-5E14-3511-7E25-4B97F48A3325}.Release|x64.ActiveCfg = Release|x64
		{07055E42-5E14-3511-7E25-4B97F48A3325}.Release|x64.Build.0 = Release|x64
		{07055E42-5E14-3511-7E25-4B97F48A3325}.Release|Win32.ActiveCfg = Release|Win32
		{07055E42-5E14-3511-7E25-4B97F48A3325}.Release|Win32.Build.0 = Release|Win32
		{0E88791B-60FF-840F-E329-966BD9008EDE}.Debug|x64.ActiveCfg = Debug|x64
		{0E88791B-60FF-840F-E329-966BD9008EDE}.Debug|x64.Build.0 = Debug|x64
		{0E88791B-60FF-840F-E329-966BD9008EDE}.Debug|Win32.ActiveCfg = Debug|Win32
		{0E88791B-60FF-840F-E329-966BD9008EDE}.Debug|Win32.Build.0 = Debug|Win32
		{0E88791B-60FF-840F-E329-966BD9008EDE}.Release|x64.ActiveCfg = Release|x64
		{0E88791B-60FF-840F-E329-966BD9008EDE}.Release|x64.Build.0 = Release|x64
		{0E88791B-60FF-840F-E329-966BD9008EDE}.Release|Win32.ActiveCfg = Release|Win32
		{0E88791B-60FF-840F-E329-966BD9008EDE}.Release|Win32.Build.0 = Release|Win32
		{13CA0DD3-5B9C-3B4A-3936-128DC585A931}.Debug|x64.ActiveCfg = Debug|x64
		{13CA0DD3-5B9C-3B4A-3936-128DC585A931}.Debug|x64.Build.0 = Debug|x64
		{13CA0DD3-5B9C-3B4A-3936-128DC585A931}.Debug|Win32.ActiveCfg = Debug|Win32
		{13CA0DD3-5B9C-3B4A-3936-128DC585A931}.Debug|Win32.Build.0 = Debug|Win32
		{13CA0DD3-5B9C-3B4A-3936-128DC585A931}.Release|x64.ActiveCfg = Release|x64
		{13CA0DD3-5B9C-3B4A-3936-128DC585A931}.Release|x64.Build.0 = Release|x64
		{13CA0DD3-5B9C-3B4A-3936-128DC585A931}.Release|Win32.ActiveCfg = Release|Win32
		{13CA0DD3-5B9C-3B4A-3936-128DC585A931}.Release|Win32.Build.0 = Release|Win32
		{26C32B1E-D5F9-D1B2-296B-830E5176CACD}.Debug|x64.ActiveCfg = Debug|x64
		{26C32B1E-D5F9-D1B2-296B-830E5176CACD}.Debug|x64.Build.0 = Debug|x64
		{26C32B1E-D5F9-D1B2-296B-830E5176CACD}.Debug|Win32.ActiveCfg = Debug|Win32
		{26C32B1E-D5F9-D1B2-296B-830E5176CACD}.Debug|Win32.Build.0 = Debug|Win32
		{26C32B1E-D5F9-D1B2-296B-830E5176CACD}.Release|x64.ActiveCfg = Release|x64
		{26C32B1E-D5F9-D1B2-296B-830E5176CACD}.Release|x64.Build.0 = Release|x64
		{26C32B1E-D5F9-D1B2-296B-830E5176CACD}.Release|Win32.ActiveCfg = Release|Win32
		{26C32B1E-D5F9-D1B2-296B-830E5176CACD}.Release|Win32.Build.0 = Release|Win32
		{2E971412-80EC-5F4C-78A1-DD6F5765AC51}.Debug|x64.ActiveCfg = Debug|x64
		{2E971412-80EC-5F4C-78A1-DD6F5765AC51}.Debug|x64.Build.0 = Debug|x64
		{2E971412-80EC-5F4C-78A1-DD6F5765AC51}.Debug|Win32.ActiveCfg = Debug|Win32
		{2E971412-80EC-5F4C-78A1-DD6F5765AC51}.Debug|Win32.Build.0 = Debug|Win32
		{2E971412-80EC-5F4C-78A1-DD6F5765AC51}.Release|x64.ActiveCfg = Release|x64
		{2E971412-80EC-5F4C-78A1-DD6F5765AC51}.Release|x64.Build.0 = Release|x64
		{2E971412-80EC-5F4C-78A1-DD6F5765AC51}.Release|Win32.ActiveCfg = Release|Win32
		{2E971412-80EC-5F4C-78A1-DD6F5765AC51}.Release|Win32.Build.0 = Release|Win32
		{4B4726BC-F0E8-54C1-9C9A-0D8ABF67A9FA}.Debug|x64.ActiveCfg = Debug|x64
		{4B4726BC-F0E8-54C1-9C9A-0D8ABF67A9FA}.Debug|x64.Build.0 = Debug|x64
		{4B4726BC-F0E8-54C1-9C9A-0D8ABF67A9FA}.Debug|Win32.ActiveCfg = Debug|Win32
		{4B4726BC-F0E8-54C1-9C9A-0D8ABF67A9FA}.Debug|Win32.Build.0 = Debug|Win32
		{4B4726BC-F0E8-54C1-9C9A-0D8ABF67A9FA}.Release|x64.ActiveCfg = Release|x64
		{4B4726BC-F0E8-54C1-9C9A-0D8ABF67A9FA}.Release|x64.Build.0 = Release|x64
		{4B4726BC-F0E8-54C1-9C9A-0D8ABF67A9FA}.Release|Win32.ActiveCfg = Release|Win32
		{4B4726BC-F0E8-54C1-9C9A-0D8ABF67A9FA}.Release|Win32.Build.0 = Release|Win32
		{5847BE06-C36F-696C-4B3E-3D555B1F667A}.Debug|x64.ActiveCfg = Debug|x64
		{5847BE06-C36F-696C-4B3E-3D555B1F667A}.Debug|x64.Build.0 = Debug|x64
		{5847BE06-C36F-696C-4B3E-3D555B1F667A}.Debug|Win32.ActiveCfg = Debug|Win32
		{5847BE06-C36F-696C-4B3E-3D555B1F667A}.Debug|Win32.Build.0 = Debug|Win32
		{5847BE06-C36F-696C-4B3E-3D555B1F667A}.Release|x64.ActiveCfg = Release|x64
		{5847BE06-C36F-696C-4B3E-3D555B1F667A}.Release|x64.Build.0 = Release|x64
		{5847BE06-C36F-696C-4B3E-3D555B1F667A}.Release|Win32.ActiveCfg = Release|Win32
		{5847BE06-C36F-696C-4B3E-3D555B1F667A}.Release|Win32.Build.0 = Release|Win32
		{7F12F787-49F5-E820-B262-555FC72FCF95}.Debug|x64.ActiveCfg = Debug|x64
		{7F12F787-49F5-E820-B262-555FC72FCF95}.Debug|x64.Build.0 = Debug|x64
		{7F12F787-49F5-E820-B262-555FC72FCF95}.Debug|Win32.ActiveCfg = Debug|Win32
		{7F12F787-49F5-E820-B262-555FC72FCF95}.Debug|Win32.Build.0 = Debug|Win32
		{7F12F787-49F5-E820-B262-555FC72FCF95}.Release|x64.ActiveCfg = Release|x64
		{7F12F787-49F5-E820-B262-555FC72FCF95}.Release|x64.Build.0 = Release|x64
		{7F12F787-49F5-E820-B262-555FC72FCF95}.Release|Win32.ActiveCfg = Release|Win32
		{7F12F787-49F5-E820-B262-555FC72FCF95}.Release|Win32.Build.0 = Release|Win32
		{8F6B3F28-AAA4-1599-9446-AB3E7121D9B9}.Debug|x64.ActiveCfg = Debug|x64
		{8F6B3F28-AAA4-1599-9446-AB3E7121D9B9}.Debug|x64.Build.0 = Debug|x64
		{8F6B3F28-AAA4-1599-9446-AB3E7121D9B9}.Debug|Win32.ActiveCfg = Debug|Win32
		{8F6B3F28-AAA4-1599-9446-AB3E7121D9B9}.Debug|Win32.Build.0 = Debug|Win32
		{8F6B3F28-AAA4-1599-9446-AB3E7121D9B9}.Release|x64.ActiveCfg = Release|x64
		{8F6B3F28-AAA4-1599-9446-AB3E7121D9B9}.Release|x64.Build.0 = Release|x64
		{8F6B3F28-AAA4-1599-9446-AB3E7121D9B9}.Release|Win32.ActiveCfg = Release|Win32
		{8F6B3F28-AAA4-1599-9446-AB3E7121D9B9}.Release|Win32.Build.0 = Release|Win32
		{90EA6E9A-810B-5E2C-9A33-E6D677CA4FD6}.Debug|x64.ActiveCfg = Debug|x64
		{90EA6E9A-810B-5E2C-9A33-E6D677CA4FD6}.Debug|x64.Build.0 = Debug|x64
		{90EA6E9A-810B-5E2C-9A33-E6D677CA4FD6}.Debug|Win32.ActiveCfg = Debug|Win32
		{90EA6E9A-810B-5E2C-9A33-E6D677CA4FD6}.Debug|Win32.Build.0 = Debug|Win32
		{90EA6E9A-810B-5E2C-9A33-E6D677CA4FD6}.Release|x64.ActiveCfg = Release|x64
		{90EA6E9A-810B-5E2C-9A33-E6D677CA4FD6}.Release|x64.Build.0 = Release|x64
		{90EA6E9A-810B-5E2C-9A33-E6D677CA4FD6}.Release|Win32.ActiveCfg = Release|Win32
		{90EA6E9A-810B-5E2C-9A33-E6D677CA4FD6}.Release|Win32.Build.0 = Release|Win32
		{AA1811EA-7BB0-EC55-7CE6-7FD65E0239C8}.Debug|x64.ActiveCfg = Debug|x64
		{AA1811EA-7BB0-EC55-7CE6-7FD65E0239C8}.Debug|x64.Build.0 = Debug|x64
		{AA1811EA-7BB0-EC55-7CE6-7FD65E0239C8}.Debug|Win32.ActiveCfg = Debug|Win32
		{AA1811EA-7BB0-EC55-7CE6-7FD65E0239C8}.Debug|Win32.Build.0 = Debug|Win32
		{AA1811EA-7BB0-EC55-7CE6-7FD65E0239C8}.Release|x64.ActiveCfg = Release|x64
		{AA1811EA-7BB0-EC55-7CE6-7FD65E0239C8}.Release|x64.Build.0 = Release|x64
		{AA1811EA-7BB0-EC55-7CE6-7FD65E0239C8}.Release|Win32.ActiveCfg = Release|Win32
		{AA1811EA-7BB0-EC55-7CE6-7FD65E0239C8}.Release|Win32.Build.0 = Release|Win32
		{B3A57C75-177C-3E4C-6E4C-0A26A6A8881C}.Debug|x64.ActiveCfg = Debug|x64
		{B3A57C75-177C-3E4C-6E4C-0A26A6A8881C}.Debug|x64.Build.0 = Debug|x64
		{B3A57C75-177C-3E4C-6E4C-0A26A6A8881C}.Debug|Win32.ActiveCfg = Debug|Win32
		{B3A57C75-177C-3E4C-6E4C-0A26A6A8881C}.Debug|Win32.Build.0 = Debug|Win32
		{B3A57C75-177C-3E4C-6E4C-0A26A6A8881C}.Release|x64.ActiveCfg = Release|x64
		{B3A57C75-177C-3E4C-6E4C-0A26A6A8881C}.Release|x64.Build.0 = Release|x64
		{B3A57C75-177C-3E4C-6E4C-0A26A6A8881C}.Release|Win32.ActiveCfg = Release|Win32
		{B3A57C75-177C-3E4C-6E4C-0A26A6A8881C}.Release|Win32.Build.0 = Release|Win32
		{B8E00EA4-AFED-F3CD-F57D-C7117CA526E7}.Debug|x64.ActiveCfg = Debug|x64
		{B8E00EA4-AFED-F3CD-F57D-C7117CA526E7}.Debug|x64.Build.0 = Debug|x64
		{B8E00EA4-AFED-F3CD-F57D-C7117CA526E7}.Debug|Win32.ActiveCfg = Debug|Win32
		{B8E00EA4-AFED-F3CD-F57D-C7117CA526E7}.Debug|Win32.Build.0 = Debug|Win32
		{B8E00EA4-AFED-F3CD-F57D-C7117CA526E7}.Release|x64.ActiveCfg = Release|x64
		{B8E00EA4-AFED-F3CD-F57D-C7117CA526E7}.Release|x64.Build.0 = Release|x64
		{B8E00EA4-AFED-F3CD-F57D-C7117CA526E7}.Release|Win32.ActiveCfg = Release|Win32
		{B8E00EA4-AFED-F3CD-F57D-C7117CA526E7}.Release|Win32.Build.0 = Release|Win32
		{CD0951FC-0956-825F-6B9A-F6FBFC100CD7}.Debug|x64.ActiveCfg = Debug|x64
		{CD0951FC-0956-825F-6B9A-F6FBFC100CD7}.Debug|x64.Build.0 = Debug|x64
		{CD0951FC-0956-825F-6B9A-F6FBFC100CD7}.Debug|Win32.ActiveCfg = Debug|Win32
		{CD0951FC-0956-825F-6B9A-F6FBFC100CD7}.Debug|Win32.Build.0 = Debug|Win32
		{CD0951FC-0956-825F-6B9A-F6FBFC100CD7}.Release|x64.ActiveCfg = Release|x64
		{CD0951FC-0956-825F-6B9A-F6FBFC100CD7}.Release|x64.Build.0 = Release|x64
		{CD0951FC-0956-825F-6B9A-F6FBFC100CD7}.Release|Win32.ActiveCfg = Release|Win32
		{CD0951FC-0956-825F-6B9A-F6FBFC100CD7}.Release|Win32.Build.0 = Release|Win32
		{CF2228D4-163D-302C-C747-821E7A7FE960}.Debug|x64.ActiveCfg = Debug|x64
		{CF2228D4-163D-302C-C747-821E7A7FE960}.Debug|x64.Build.0 = Debug|x64
		{CF2228D4-163D-302C-C747-821E7A7FE960}.Debug|Win32.ActiveCfg = Debug|Win32
		{CF2228D4-163D-302C-C747-821E7A7FE960}.Debug|Win32.Build.0 = Debug|Win32
		{CF2228D4-163D-302C-C747-821E7A7FE960}.Release|x64.ActiveCfg = Release|x64
		{CF2228D4-163D-302C-C747-821E7A7FE960}.Release|x64.Build.0 = Release|x64
		{CF2228D4-163D-302C-C747-821E7A7FE960}.Release|Win32.ActiveCfg = Release|Win32
		{CF2228D4-163D-302C-C747-821E7A7FE960}.Release|Win32.Build.0 = Release|Win32
		{D63AB8C1-E25D-AE65-16FC-5AA15C124669}.Debug|x64.ActiveCfg = Debug|x64
		{D63AB8C1-E25D-AE65-16FC-5AA15C124669}.Debug|x64.Build.0 = Debug|x64
		{D63AB8C1-E25D-AE65-16FC-5AA15C124669}.Debug|Win32.ActiveCfg = Debug|Win32
		{D63AB8C1-E25D-AE65-16FC-5AA15C124669}.Debug|Win32.Build.0 = Debug|Win32
		{D63AB8C1-E25D-AE65-16FC-5AA15C124669}.Release|x64.ActiveCfg = Release|x64
		{D63AB8C1-E25D-AE65-16FC-5AA15C124669}.Release|x64.Build.0 = Release|x64
		{D63AB8C1-E25D-AE65-16FC-5AA15C124669}.Release|Win32.ActiveCfg = Release|Win32
		{D63AB8C1-E25D-AE65-16FC-5AA15C124669}.Release|Win32.Build.0 = Release|Win32
	EndGlobalSection
	GlobalSection(SolutionProperties) = preSolution
		HideSolutionNode = FALSE
	EndGlobalSection
	GlobalSection(NestedProjects) = preSolution
		{D63AB8C1-E25D-AE65-16FC-5AA15C124669} = {BA73AE4F-E261-1772-9F82-CA122F047D88}
		{B3A57C75-177C-3E4C-6E4C-0A26A6A8881C} = {BA73AE4F-E261-1772-9F82-CA122F047D88}
		{4B4726BC-F0E8-54C1-9C9A-0D8ABF67A9FA} = {9785FB75-982A-5DE3-252D-3F288B9FEF5B}
		{07055E42-5E14-3511-7E25-4B97F48A3325} = {414C47A8-71BB-ACE0-6CE6-DD9ED7C30D04}
		{0E88791B-60FF-840F-E329-966BD9008EDE} = {B721A654-539F-1C9A-8B49-FBC3F5F8EB9D}
		{1D4ECB7B-CF85-5148-129A-A1679EE17DAC} = {ABA814CE-769C-A7C4-7A0D-B2A09A6EE486}
		{D8B16EFC-B318-62D3-6A75-EB22438D22CF} = {ABA814CE-769C-A7C4-7A0D-B2A09A6EE486}
		{CF2228D4-163D-302C-C747-821E7A7FE960} = {1D4ECB7B-CF85-5148-129A-A1679EE17DAC}
		{CD0951FC-0956-825F-6B9A-F6FBFC100CD7} = {1D4ECB7B-CF85-5148-129A-A1679EE17DAC}
		{2E971412-80EC-5F4C-78A1-DD6F5765AC51} = {FF6C6E0D-F605-D848-8A79-B0ED90BBDB2F}
		{8F6B3F28-AAA4-1599-9446-AB3E7121D9B9} = {FF6C6E0D-F605-D848-8A79-B0ED90BBDB2F}
		{5847BE06-C36F-696C-4B3E-3D555B1F667A} = {FF6C6E0D-F605-D848-8A79-B0ED90BBDB2F}
		{AA1811EA-7BB0-EC55-7CE6-7FD65E0239C8} = {6F65C5B7-9E33-7094-AE10-CDE861A33D0C}
		{90EA6E9A-810B-5E2C-9A33-E6D677CA4FD6} = {D8B16EFC-B318-62D3-6A75-EB22438D22CF}
		{7F12F787-49F5-E820-B262-555FC72FCF95} = {D8B16EFC-B318-62D3-6A75-EB22438D22CF}
		{26C32B1E-D5F9-D1B2-296B-830E5176CACD} = {FE01D468-8034-4AD0-1DC4-D11DE7E84254}
		{FF6C6E0D-F605-D848-8A79-B0ED90BBDB2F} = {89C816A7-DD31-D54C-C69C-5A80E0C49B77}
		{6F65C5B7-9E33-7094-AE10-CDE861A33D0C} = {89C816A7-DD31-D54C-C69C-5A80E0C49B77}
		{13CA0DD3-5B9C-3B4A-3936-128DC585A931} = {89C816A7-DD31-D54C-C69C-5A80E0C49B77}
		{B8E00EA4-AFED-F3CD-F57D-C7117CA526E7} = {89C816A7-DD31-D54C-C69C-5A80E0C49B77}
	EndGlobalSection
EndGlobal
