<?xml version="1.0" encoding="utf-8"?>
<Project ToolsVersion="4.0" xmlns="http://schemas.microsoft.com/developer/msbuild/2003">
  <ItemGroup>
    <Filter Include="public">
      <UniqueIdentifier>{62a5f5a5-8cdd-425e-9258-e6f426595102}</UniqueIdentifier>
    </Filter>
    <Filter Include="public\include">
      <UniqueIdentifier>{6b28368f-6269-4222-a9b9-09753385dcba}</UniqueIdentifier>
    </Filter>
    <Filter Include="private">
      <UniqueIdentifier>{b7e915c1-69f0-4d95-b3cc-24bf542d6f76}</UniqueIdentifier>
    </Filter>
    <Filter Include="private\src">
      <UniqueIdentifier>{13bc8b63-df40-41bd-8a23-28dad712e540}</UniqueIdentifier>
    </Filter>
  </ItemGroup>
  <ItemGroup>
    <ClInclude Include="..\..\..\base\public\include\atomic_count.h">
      <Filter>public\include</Filter>
    </ClInclude>
    <ClInclude Include="..\..\..\base\public\include\base.h">
      <Filter>public\include</Filter>
    </ClInclude>
    <ClInclude Include="..\..\..\base\public\include\base_export.h">
      <Filter>public\include</Filter>
    </ClInclude>
    <ClInclude Include="..\..\..\base\public\include\code_util.h">
      <Filter>public\include</Filter>
    </ClInclude>
    <ClInclude Include="..\..\..\base\public\include\dynamic_library.h">
      <Filter>public\include</Filter>
    </ClInclude>
    <ClInclude Include="..\..\..\base\public\include\error.h">
      <Filter>public\include</Filter>
    </ClInclude>
    <ClInclude Include="..\..\..\base\public\include\file_util.h">
      <Filter>public\include</Filter>
    </ClInclude>
    <ClInclude Include="..\..\..\base\public\include\lock.h">
      <Filter>public\include</Filter>
    </ClInclude>
    <ClInclude Include="..\..\..\base\public\include\math_util.h">
      <Filter>public\include</Filter>
    </ClInclude>
    <ClInclude Include="..\..\..\base\public\include\memory_pool.h">
      <Filter>public\include</Filter>
    </ClInclude>
    <ClInclude Include="..\..\..\base\public\include\object.h">
      <Filter>public\include</Filter>
    </ClInclude>
    <ClInclude Include="..\..\..\base\public\include\pool.h">
      <Filter>public\include</Filter>
    </ClInclude>
    <ClInclude Include="..\..\..\base\public\include\port_c.h">
      <Filter>public\include</Filter>
    </ClInclude>
    <ClInclude Include="..\..\..\base\public\include\port_cpp.h">
      <Filter>public\include</Filter>
    </ClInclude>
    <ClInclude Include="..\..\..\base\public\include\test.h">
      <Filter>public\include</Filter>
    </ClInclude>
    <ClInclude Include="..\..\..\base\public\include\thread.h">
      <Filter>public\include</Filter>
    </ClInclude>
    <ClInclude Include="..\..\..\base\public\include\time_util.h">
      <Filter>public\include</Filter>
    </ClInclude>
    <ClInclude Include="..\..\..\base\public\include\waitable_event.h">
      <Filter>public\include</Filter>
    </ClInclude>
    <ClInclude Include="..\..\..\base\public\include\xml.h">
      <Filter>public\include</Filter>
    </ClInclude>
  </ItemGroup>
  <ItemGroup>
    <ClCompile Include="..\..\..\base\private\src\atomic_count.cpp">
      <Filter>private\src</Filter>
    </ClCompile>
    <ClCompile Include="..\..\..\base\private\src\code_util.cpp">
      <Filter>private\src</Filter>
    </ClCompile>
    <ClCompile Include="..\..\..\base\private\src\dynamic_library.cpp">
      <Filter>private\src</Filter>
    </ClCompile>
    <ClCompile Include="..\..\..\base\private\src\file_util.cpp">
      <Filter>private\src</Filter>
    </ClCompile>
    <ClCompile Include="..\..\..\base\private\src\lock.cpp">
      <Filter>private\src</Filter>
    </ClCompile>
    <ClCompile Include="..\..\..\base\private\src\memory_pool.cpp">
      <Filter>private\src</Filter>
    </ClCompile>
    <ClCompile Include="..\..\..\base\private\src\port_c.cpp">
      <Filter>private\src</Filter>
    </ClCompile>
    <ClCompile Include="..\..\..\base\private\src\port_cpp.cpp">
      <Filter>private\src</Filter>
    </ClCompile>
    <ClCompile Include="..\..\..\base\private\src\thread.cpp">
      <Filter>private\src</Filter>
    </ClCompile>
    <ClCompile Include="..\..\..\base\private\src\time_util.cpp">
      <Filter>private\src</Filter>
    </ClCompile>
    <ClCompile Include="..\..\..\base\private\src\waitable_event.cpp">
      <Filter>private\src</Filter>
    </ClCompile>
  </ItemGroup>
</Project>