Microsoft Visual Studio Solution File, Format Version 9.00
# Visual Studio 2005
Project("{8BC9CEB8-8B4A-11D0-8D11-00A0C91BC942}") = "base", "base.vcproj", "{17D1F33F-F5D7-A5D7-4EAB-66157B9A2621}"
	ProjectSection(ProjectDependencies) = postProject
		{4B4726BC-F0E8-54C1-9C9A-0D8ABF67A9FA} = {4B4726BC-F0E8-54C1-9C9A-0D8ABF67A9FA}
	EndProjectSection
EndProject
Project("{8BC9CEB8-8B4A-11D0-8D11-00A0C91BC942}") = "base_static", "base_static.vcproj", "{4B4726BC-F0E8-54C1-9C9A-0D8ABF67A9FA}"
EndProject
Project("{8BC9CEB8-8B4A-11D0-8D11-00A0C91BC942}") = "base_unittest", "base_unittest.vcproj", "{BF45E403-84CE-99FB-0CB2-173388A17302}"
	ProjectSection(ProjectDependencies) = postProject
		{4B4726BC-F0E8-54C1-9C9A-0D8ABF67A9FA} = {4B4726BC-F0E8-54C1-9C9A-0D8ABF67A9FA}
	EndProjectSection
EndProject
Global
	GlobalSection(SolutionConfigurationPlatforms) = preSolution
		Debug|x64 = Debug|x64
		Debug|Win32 = Debug|Win32
		Release|x64 = Release|x64
		Release|Win32 = Release|Win32
	EndGlobalSection
	GlobalSection(ProjectConfigurationPlatforms) = postSolution
		{17D1F33F-F5D7-A5D7-4EAB-66157B9A2621}.Debug|x64.ActiveCfg = Debug|x64
		{17D1F33F-F5D7-A5D7-4EAB-66157B9A2621}.Debug|x64.Build.0 = Debug|x64
		{17D1F33F-F5D7-A5D7-4EAB-66157B9A2621}.Debug|Win32.ActiveCfg = Debug|Win32
		{17D1F33F-F5D7-A5D7-4EAB-66157B9A2621}.Debug|Win32.Build.0 = Debug|Win32
		{17D1F33F-F5D7-A5D7-4EAB-66157B9A2621}.Release|x64.ActiveCfg = Release|x64
		{17D1F33F-F5D7-A5D7-4EAB-66157B9A2621}.Release|x64.Build.0 = Release|x64
		{17D1F33F-F5D7-A5D7-4EAB-66157B9A2621}.Release|Win32.ActiveCfg = Release|Win32
		{17D1F33F-F5D7-A5D7-4EAB-66157B9A2621}.Release|Win32.Build.0 = Release|Win32
		{4B4726BC-F0E8-54C1-9C9A-0D8ABF67A9FA}.Debug|x64.ActiveCfg = Debug|x64
		{4B4726BC-F0E8-54C1-9C9A-0D8ABF67A9FA}.Debug|x64.Build.0 = Debug|x64
		{4B4726BC-F0E8-54C1-9C9A-0D8ABF67A9FA}.Debug|Win32.ActiveCfg = Debug|Win32
		{4B4726BC-F0E8-54C1-9C9A-0D8ABF67A9FA}.Debug|Win32.Build.0 = Debug|Win32
		{4B4726BC-F0E8-54C1-9C9A-0D8ABF67A9FA}.Release|x64.ActiveCfg = Release|x64
		{4B4726BC-F0E8-54C1-9C9A-0D8ABF67A9FA}.Release|x64.Build.0 = Release|x64
		{4B4726BC-F0E8-54C1-9C9A-0D8ABF67A9FA}.Release|Win32.ActiveCfg = Release|Win32
		{4B4726BC-F0E8-54C1-9C9A-0D8ABF67A9FA}.Release|Win32.Build.0 = Release|Win32
		{BF45E403-84CE-99FB-0CB2-173388A17302}.Debug|x64.ActiveCfg = Debug|x64
		{BF45E403-84CE-99FB-0CB2-173388A17302}.Debug|x64.Build.0 = Debug|x64
		{BF45E403-84CE-99FB-0CB2-173388A17302}.Debug|Win32.ActiveCfg = Debug|Win32
		{BF45E403-84CE-99FB-0CB2-173388A17302}.Debug|Win32.Build.0 = Debug|Win32
		{BF45E403-84CE-99FB-0CB2-173388A17302}.Release|x64.ActiveCfg = Release|x64
		{BF45E403-84CE-99FB-0CB2-173388A17302}.Release|x64.Build.0 = Release|x64
		{BF45E403-84CE-99FB-0CB2-173388A17302}.Release|Win32.ActiveCfg = Release|Win32
		{BF45E403-84CE-99FB-0CB2-173388A17302}.Release|Win32.Build.0 = Release|Win32
	EndGlobalSection
	GlobalSection(SolutionProperties) = preSolution
		HideSolutionNode = FALSE
	EndGlobalSection
EndGlobal
