Microsoft Visual Studio Solution File, Format Version 9.00
# Visual Studio 2005
Project("{2150E333-8FDC-42A3-9474-1A3956D46DE8}") = "(base)", "..\..\..\base", "{9785FB75-982A-5DE3-252D-3F288B9FEF5B}"
EndProject
Project("{2150E333-8FDC-42A3-9474-1A3956D46DE8}") = "(coder)", "..\..\..\coder", "{414C47A8-71BB-ACE0-6CE6-DD9ED7C30D04}"
EndProject
Project("{2150E333-8FDC-42A3-9474-1A3956D46DE8}") = "(third_party)", "..\..\..\third_party", "{89C816A7-DD31-D54C-C69C-5A80E0C49B77}"
EndProject
Project("{8BC9CEB8-8B4A-11D0-8D11-00A0C91BC942}") = "base_static", "..\base\base_static.vcproj", "{4B4726BC-F0E8-54C1-9C9A-0D8ABF67A9FA}"
EndProject
Project("{8BC9CEB8-8B4A-11D0-8D11-00A0C91BC942}") = "coder", "coder.vcproj", "{429999D9-8789-28E0-19F5-71BED844B23B}"
	ProjectSection(ProjectDependencies) = postProject
		{07055E42-5E14-3511-7E25-4B97F48A3325} = {07055E42-5E14-3511-7E25-4B97F48A3325}
		{4B4726BC-F0E8-54C1-9C9A-0D8ABF67A9FA} = {4B4726BC-F0E8-54C1-9C9A-0D8ABF67A9FA}
		{B8E00EA4-AFED-F3CD-F57D-C7117CA526E7} = {B8E00EA4-AFED-F3CD-F57D-C7117CA526E7}
	EndProjectSection
EndProject
Project("{8BC9CEB8-8B4A-11D0-8D11-00A0C91BC942}") = "coder_static", "coder_static.vcproj", "{07055E42-5E14-3511-7E25-4B97F48A3325}"
EndProject
Project("{8BC9CEB8-8B4A-11D0-8D11-00A0C91BC942}") = "coder_unittest", "coder_unittest.vcproj", "{FAB8C163-5374-82C6-F549-56D3BB3704B4}"
	ProjectSection(ProjectDependencies) = postProject
		{07055E42-5E14-3511-7E25-4B97F48A3325} = {07055E42-5E14-3511-7E25-4B97F48A3325}
		{4B4726BC-F0E8-54C1-9C9A-0D8ABF67A9FA} = {4B4726BC-F0E8-54C1-9C9A-0D8ABF67A9FA}
		{B8E00EA4-AFED-F3CD-F57D-C7117CA526E7} = {B8E00EA4-AFED-F3CD-F57D-C7117CA526E7}
	EndProjectSection
EndProject
Project("{8BC9CEB8-8B4A-11D0-8D11-00A0C91BC942}") = "zlib", "..\third_party\zlib\zlib.vcproj", "{B8E00EA4-AFED-F3CD-F57D-C7117CA526E7}"
EndProject
Global
	GlobalSection(SolutionConfigurationPlatforms) = preSolution
		Debug|x64 = Debug|x64
		Debug|Win32 = Debug|Win32
		Release|x64 = Release|x64
		Release|Win32 = Release|Win32
	EndGlobalSection
	GlobalSection(ProjectConfigurationPlatforms) = postSolution
		{07055E42-5E14-3511-7E25-4B97F48A3325}.Debug|x64.ActiveCfg = Debug|x64
		{07055E42-5E14-3511-7E25-4B97F48A3325}.Debug|x64.Build.0 = Debug|x64
		{07055E42-5E14-3511-7E25-4B97F48A3325}.Debug|Win32.ActiveCfg = Debug|Win32
		{07055E42-5E14-3511-7E25-4B97F48A3325}.Debug|Win32.Build.0 = Debug|Win32
		{07055E42-5E14-3511-7E25-4B97F48A3325}.Release|x64.ActiveCfg = Release|x64
		{07055E42-5E14-3511-7E25-4B97F48A3325}.Release|x64.Build.0 = Release|x64
		{07055E42-5E14-3511-7E25-4B97F48A3325}.Release|Win32.ActiveCfg = Release|Win32
		{07055E42-5E14-3511-7E25-4B97F48A3325}.Release|Win32.Build.0 = Release|Win32
		{429999D9-8789-28E0-19F5-71BED844B23B}.Debug|x64.ActiveCfg = Debug|x64
		{429999D9-8789-28E0-19F5-71BED844B23B}.Debug|x64.Build.0 = Debug|x64
		{429999D9-8789-28E0-19F5-71BED844B23B}.Debug|Win32.ActiveCfg = Debug|Win32
		{429999D9-8789-28E0-19F5-71BED844B23B}.Debug|Win32.Build.0 = Debug|Win32
		{429999D9-8789-28E0-19F5-71BED844B23B}.Release|x64.ActiveCfg = Release|x64
		{429999D9-8789-28E0-19F5-71BED844B23B}.Release|x64.Build.0 = Release|x64
		{429999D9-8789-28E0-19F5-71BED844B23B}.Release|Win32.ActiveCfg = Release|Win32
		{429999D9-8789-28E0-19F5-71BED844B23B}.Release|Win32.Build.0 = Release|Win32
		{4B4726BC-F0E8-54C1-9C9A-0D8ABF67A9FA}.Debug|x64.ActiveCfg = Debug|x64
		{4B4726BC-F0E8-54C1-9C9A-0D8ABF67A9FA}.Debug|x64.Build.0 = Debug|x64
		{4B4726BC-F0E8-54C1-9C9A-0D8ABF67A9FA}.Debug|Win32.ActiveCfg = Debug|Win32
		{4B4726BC-F0E8-54C1-9C9A-0D8ABF67A9FA}.Debug|Win32.Build.0 = Debug|Win32
		{4B4726BC-F0E8-54C1-9C9A-0D8ABF67A9FA}.Release|x64.ActiveCfg = Release|x64
		{4B4726BC-F0E8-54C1-9C9A-0D8ABF67A9FA}.Release|x64.Build.0 = Release|x64
		{4B4726BC-F0E8-54C1-9C9A-0D8ABF67A9FA}.Release|Win32.ActiveCfg = Release|Win32
		{4B4726BC-F0E8-54C1-9C9A-0D8ABF67A9FA}.Release|Win32.Build.0 = Release|Win32
		{B8E00EA4-AFED-F3CD-F57D-C7117CA526E7}.Debug|x64.ActiveCfg = Debug|x64
		{B8E00EA4-AFED-F3CD-F57D-C7117CA526E7}.Debug|x64.Build.0 = Debug|x64
		{B8E00EA4-AFED-F3CD-F57D-C7117CA526E7}.Debug|Win32.ActiveCfg = Debug|Win32
		{B8E00EA4-AFED-F3CD-F57D-C7117CA526E7}.Debug|Win32.Build.0 = Debug|Win32
		{B8E00EA4-AFED-F3CD-F57D-C7117CA526E7}.Release|x64.ActiveCfg = Release|x64
		{B8E00EA4-AFED-F3CD-F57D-C7117CA526E7}.Release|x64.Build.0 = Release|x64
		{B8E00EA4-AFED-F3CD-F57D-C7117CA526E7}.Release|Win32.ActiveCfg = Release|Win32
		{B8E00EA4-AFED-F3CD-F57D-C7117CA526E7}.Release|Win32.Build.0 = Release|Win32
		{FAB8C163-5374-82C6-F549-56D3BB3704B4}.Debug|x64.ActiveCfg = Debug|x64
		{FAB8C163-5374-82C6-F549-56D3BB3704B4}.Debug|x64.Build.0 = Debug|x64
		{FAB8C163-5374-82C6-F549-56D3BB3704B4}.Debug|Win32.ActiveCfg = Debug|Win32
		{FAB8C163-5374-82C6-F549-56D3BB3704B4}.Debug|Win32.Build.0 = Debug|Win32
		{FAB8C163-5374-82C6-F549-56D3BB3704B4}.Release|x64.ActiveCfg = Release|x64
		{FAB8C163-5374-82C6-F549-56D3BB3704B4}.Release|x64.Build.0 = Release|x64
		{FAB8C163-5374-82C6-F549-56D3BB3704B4}.Release|Win32.ActiveCfg = Release|Win32
		{FAB8C163-5374-82C6-F549-56D3BB3704B4}.Release|Win32.Build.0 = Release|Win32
	EndGlobalSection
	GlobalSection(SolutionProperties) = preSolution
		HideSolutionNode = FALSE
	EndGlobalSection
	GlobalSection(NestedProjects) = preSolution
		{4B4726BC-F0E8-54C1-9C9A-0D8ABF67A9FA} = {9785FB75-982A-5DE3-252D-3F288B9FEF5B}
		{429999D9-8789-28E0-19F5-71BED844B23B} = {414C47A8-71BB-ACE0-6CE6-DD9ED7C30D04}
		{07055E42-5E14-3511-7E25-4B97F48A3325} = {414C47A8-71BB-ACE0-6CE6-DD9ED7C30D04}
		{FAB8C163-5374-82C6-F549-56D3BB3704B4} = {414C47A8-71BB-ACE0-6CE6-DD9ED7C30D04}
		{B8E00EA4-AFED-F3CD-F57D-C7117CA526E7} = {89C816A7-DD31-D54C-C69C-5A80E0C49B77}
	EndGlobalSection
EndGlobal
